
Microsoft Visual Studio Solution File, Format Version 12.00
# Visual Studio Version 17
VisualStudioVersion = 17.11.35312.102
MinimumVisualStudioVersion = 10.0.40219.1
Project("{FAE04EC0-301F-11D3-BF4B-00C04F79EFBC}") = "Facade", "Facade\Facade.csproj", "{66AF0CDB-B2C6-4456-822D-5B5E4D22C9DB}"
EndProject
Project("{FAE04EC0-301F-11D3-BF4B-00C04F79EFBC}") = "Strategy", "Strategy\Strategy.csproj", "{6F6D4842-DCCA-4B03-9AA2-5692CA78C222}"
EndProject
Project("{FAE04EC0-301F-11D3-BF4B-00C04F79EFBC}") = "Singleton", "Singleton\Singleton.csproj", "{DECAF690-5371-4ED7-A7C7-FDE7DF9BAF36}"
EndProject
Global
	GlobalSection(SolutionConfigurationPlatforms) = preSolution
		Debug|Any CPU = Debug|Any CPU
		Release|Any CPU = Release|Any CPU
	EndGlobalSection
	GlobalSection(ProjectConfigurationPlatforms) = postSolution
		{66AF0CDB-B2C6-4456-822D-5B5E4D22C9DB}.Debug|Any CPU.ActiveCfg = Debug|Any CPU
		{66AF0CDB-B2C6-4456-822D-5B5E4D22C9DB}.Debug|Any CPU.Build.0 = Debug|Any CPU
		{66AF0CDB-B2C6-4456-822D-5B5E4D22C9DB}.Release|Any CPU.ActiveCfg = Release|Any CPU
		{66AF0CDB-B2C6-4456-822D-5B5E4D22C9DB}.Release|Any CPU.Build.0 = Release|Any CPU
		{6F6D4842-DCCA-4B03-9AA2-5692CA78C222}.Debug|Any CPU.ActiveCfg = Debug|Any CPU
		{6F6D4842-DCCA-4B03-9AA2-5692CA78C222}.Debug|Any CPU.Build.0 = Debug|Any CPU
		{6F6D4842-DCCA-4B03-9AA2-5692CA78C222}.Release|Any CPU.ActiveCfg = Release|Any CPU
		{6F6D4842-DCCA-4B03-9AA2-5692CA78C222}.Release|Any CPU.Build.0 = Release|Any CPU
		{DECAF690-5371-4ED7-A7C7-FDE7DF9BAF36}.Debug|Any CPU.ActiveCfg = Debug|Any CPU
		{DECAF690-5371-4ED7-A7C7-FDE7DF9BAF36}.Debug|Any CPU.Build.0 = Debug|Any CPU
		{DECAF690-5371-4ED7-A7C7-FDE7DF9BAF36}.Release|Any CPU.ActiveCfg = Release|Any CPU
		{DECAF690-5371-4ED7-A7C7-FDE7DF9BAF36}.Release|Any CPU.Build.0 = Release|Any CPU
	EndGlobalSection
	GlobalSection(SolutionProperties) = preSolution
		HideSolutionNode = FALSE
	EndGlobalSection
	GlobalSection(ExtensibilityGlobals) = postSolution
		SolutionGuid = {E47BBB61-4605-45E7-B491-BA57AEC7F247}
	EndGlobalSection
EndGlobal
